// !$*UTF8*$!
{
	archiveVersion = 1;
	classes = {
	};
	objectVersion = 46;
	objects = {

/* Begin PBXBuildFile section */
		4D2F6EFABD6B1616668339D4 /* libPods.a in Frameworks */ = {isa = PBXBuildFile; fileRef = 51814221748A58C2DBE0682B /* libPods.a */; };
		9F2F7AED1CA0CB970072FADE /* main.m in Sources */ = {isa = PBXBuildFile; fileRef = 9F2F7AEC1CA0CB970072FADE /* main.m */; };
		9F2F7AF01CA0CB970072FADE /* AppDelegate.m in Sources */ = {isa = PBXBuildFile; fileRef = 9F2F7AEF1CA0CB970072FADE /* AppDelegate.m */; };
		9F2F7AF81CA0CB970072FADE /* Assets.xcassets in Resources */ = {isa = PBXBuildFile; fileRef = 9F2F7AF71CA0CB970072FADE /* Assets.xcassets */; };
		9F2F7AFB1CA0CB970072FADE /* LaunchScreen.storyboard in Resources */ = {isa = PBXBuildFile; fileRef = 9F2F7AF91CA0CB970072FADE /* LaunchScreen.storyboard */; };
		9F2F7B061CA0CB980072FADE /* DependencyInjection_iOSTests.m in Sources */ = {isa = PBXBuildFile; fileRef = 9F2F7B051CA0CB980072FADE /* DependencyInjection_iOSTests.m */; };
		9F2F7B1C1CA0CDFB0072FADE /* FirstViewController.m in Sources */ = {isa = PBXBuildFile; fileRef = 9F2F7B1A1CA0CDFB0072FADE /* FirstViewController.m */; };
		9F2F7B1D1CA0CDFB0072FADE /* FirstView.xib in Resources */ = {isa = PBXBuildFile; fileRef = 9F2F7B1B1CA0CDFB0072FADE /* FirstView.xib */; };
		9F2F7B361CA10F460072FADE /* AppConfiguration.m in Sources */ = {isa = PBXBuildFile; fileRef = 9F2F7B351CA10F460072FADE /* AppConfiguration.m */; };
		9F2F7B431CA130080072FADE /* NetworkInformationService.m in Sources */ = {isa = PBXBuildFile; fileRef = 9F2F7B421CA130080072FADE /* NetworkInformationService.m */; };
		9F2F7B4E1CA1B5750072FADE /* LoginService.m in Sources */ = {isa = PBXBuildFile; fileRef = 9F2F7B4D1CA1B5750072FADE /* LoginService.m */; };
		9F2F7B561CA1B9D80072FADE /* MockNetworkInformtionService.m in Sources */ = {isa = PBXBuildFile; fileRef = 9F2F7B551CA1B9D80072FADE /* MockNetworkInformtionService.m */; };
/* End PBXBuildFile section */

/* Begin PBXContainerItemProxy section */
		9F2F7B021CA0CB980072FADE /* PBXContainerItemProxy */ = {
			isa = PBXContainerItemProxy;
			containerPortal = 9F2F7AE01CA0CB970072FADE /* Project object */;
			proxyType = 1;
			remoteGlobalIDString = 9F2F7AE71CA0CB970072FADE;
			remoteInfo = "DependencyInjection-iOS";
		};
/* End PBXContainerItemProxy section */

/* Begin PBXFileReference section */
		51814221748A58C2DBE0682B /* libPods.a */ = {isa = PBXFileReference; explicitFileType = archive.ar; includeInIndex = 0; path = libPods.a; sourceTree = BUILT_PRODUCTS_DIR; };
		9EFEA70591CC7185CD38BAA0 /* Pods.release.xcconfig */ = {isa = PBXFileReference; includeInIndex = 1; lastKnownFileType = text.xcconfig; name = Pods.release.xcconfig; path = "Pods/Target Support Files/Pods/Pods.release.xcconfig"; sourceTree = "<group>"; };
		9F2F7AE81CA0CB970072FADE /* DependencyInjection-iOS.app */ = {isa = PBXFileReference; explicitFileType = wrapper.application; includeInIndex = 0; path = "DependencyInjection-iOS.app"; sourceTree = BUILT_PRODUCTS_DIR; };
		9F2F7AEC1CA0CB970072FADE /* main.m */ = {isa = PBXFileReference; lastKnownFileType = sourcecode.c.objc; path = main.m; sourceTree = "<group>"; };
		9F2F7AEE1CA0CB970072FADE /* AppDelegate.h */ = {isa = PBXFileReference; lastKnownFileType = sourcecode.c.h; path = AppDelegate.h; sourceTree = "<group>"; };
		9F2F7AEF1CA0CB970072FADE /* AppDelegate.m */ = {isa = PBXFileReference; lastKnownFileType = sourcecode.c.objc; path = AppDelegate.m; sourceTree = "<group>"; };
		9F2F7AF71CA0CB970072FADE /* Assets.xcassets */ = {isa = PBXFileReference; lastKnownFileType = folder.assetcatalog; path = Assets.xcassets; sourceTree = "<group>"; };
		9F2F7AFA1CA0CB970072FADE /* Base */ = {isa = PBXFileReference; lastKnownFileType = file.storyboard; name = Base; path = Base.lproj/LaunchScreen.storyboard; sourceTree = "<group>"; };
		9F2F7AFC1CA0CB970072FADE /* Info.plist */ = {isa = PBXFileReference; lastKnownFileType = text.plist.xml; path = Info.plist; sourceTree = "<group>"; };
		9F2F7B011CA0CB980072FADE /* DependencyInjection-iOSTests.xctest */ = {isa = PBXFileReference; explicitFileType = wrapper.cfbundle; includeInIndex = 0; path = "DependencyInjection-iOSTests.xctest"; sourceTree = BUILT_PRODUCTS_DIR; };
		9F2F7B051CA0CB980072FADE /* DependencyInjection_iOSTests.m */ = {isa = PBXFileReference; lastKnownFileType = sourcecode.c.objc; path = DependencyInjection_iOSTests.m; sourceTree = "<group>"; };
		9F2F7B071CA0CB980072FADE /* Info.plist */ = {isa = PBXFileReference; lastKnownFileType = text.plist.xml; path = Info.plist; sourceTree = "<group>"; };
		9F2F7B191CA0CDFB0072FADE /* FirstViewController.h */ = {isa = PBXFileReference; fileEncoding = 4; lastKnownFileType = sourcecode.c.h; path = FirstViewController.h; sourceTree = "<group>"; };
		9F2F7B1A1CA0CDFB0072FADE /* FirstViewController.m */ = {isa = PBXFileReference; fileEncoding = 4; lastKnownFileType = sourcecode.c.objc; path = FirstViewController.m; sourceTree = "<group>"; };
		9F2F7B1B1CA0CDFB0072FADE /* FirstView.xib */ = {isa = PBXFileReference; fileEncoding = 4; lastKnownFileType = file.xib; path = FirstView.xib; sourceTree = "<group>"; };
		9F2F7B341CA10F460072FADE /* AppConfiguration.h */ = {isa = PBXFileReference; fileEncoding = 4; lastKnownFileType = sourcecode.c.h; path = AppConfiguration.h; sourceTree = "<group>"; };
		9F2F7B351CA10F460072FADE /* AppConfiguration.m */ = {isa = PBXFileReference; fileEncoding = 4; lastKnownFileType = sourcecode.c.objc; path = AppConfiguration.m; sourceTree = "<group>"; };
		9F2F7B401CA12FA10072FADE /* NetworkInformation.h */ = {isa = PBXFileReference; lastKnownFileType = sourcecode.c.h; path = NetworkInformation.h; sourceTree = "<group>"; };
		9F2F7B411CA130080072FADE /* NetworkInformationService.h */ = {isa = PBXFileReference; fileEncoding = 4; lastKnownFileType = sourcecode.c.h; path = NetworkInformationService.h; sourceTree = "<group>"; };
		9F2F7B421CA130080072FADE /* NetworkInformationService.m */ = {isa = PBXFileReference; fileEncoding = 4; lastKnownFileType = sourcecode.c.objc; path = NetworkInformationService.m; sourceTree = "<group>"; };
		9F2F7B4B1CA1B54B0072FADE /* Login.h */ = {isa = PBXFileReference; lastKnownFileType = sourcecode.c.h; path = Login.h; sourceTree = "<group>"; };
		9F2F7B4C1CA1B5750072FADE /* LoginService.h */ = {isa = PBXFileReference; fileEncoding = 4; lastKnownFileType = sourcecode.c.h; path = LoginService.h; sourceTree = "<group>"; };
		9F2F7B4D1CA1B5750072FADE /* LoginService.m */ = {isa = PBXFileReference; fileEncoding = 4; lastKnownFileType = sourcecode.c.objc; path = LoginService.m; sourceTree = "<group>"; };
		9F2F7B541CA1B9D80072FADE /* MockNetworkInformtionService.h */ = {isa = PBXFileReference; fileEncoding = 4; lastKnownFileType = sourcecode.c.h; path = MockNetworkInformtionService.h; sourceTree = "<group>"; };
		9F2F7B551CA1B9D80072FADE /* MockNetworkInformtionService.m */ = {isa = PBXFileReference; fileEncoding = 4; lastKnownFileType = sourcecode.c.objc; path = MockNetworkInformtionService.m; sourceTree = "<group>"; };
		EF432DFF36BD15B43680FD89 /* Pods.debug.xcconfig */ = {isa = PBXFileReference; includeInIndex = 1; lastKnownFileType = text.xcconfig; name = Pods.debug.xcconfig; path = "Pods/Target Support Files/Pods/Pods.debug.xcconfig"; sourceTree = "<group>"; };
/* End PBXFileReference section */

/* Begin PBXFrameworksBuildPhase section */
		9F2F7AE51CA0CB970072FADE /* Frameworks */ = {
			isa = PBXFrameworksBuildPhase;
			buildActionMask = 2147483647;
			files = (
				4D2F6EFABD6B1616668339D4 /* libPods.a in Frameworks */,
			);
			runOnlyForDeploymentPostprocessing = 0;
		};
		9F2F7AFE1CA0CB980072FADE /* Frameworks */ = {
			isa = PBXFrameworksBuildPhase;
			buildActionMask = 2147483647;
			files = (
			);
			runOnlyForDeploymentPostprocessing = 0;
		};
/* End PBXFrameworksBuildPhase section */

/* Begin PBXGroup section */
		625F45E99677B793AA19C522 /* Frameworks */ = {
			isa = PBXGroup;
			children = (
				51814221748A58C2DBE0682B /* libPods.a */,
			);
			name = Frameworks;
			sourceTree = "<group>";
		};
		6F2B7A931FE2AFECFFEA65D2 /* Pods */ = {
			isa = PBXGroup;
			children = (
				EF432DFF36BD15B43680FD89 /* Pods.debug.xcconfig */,
				9EFEA70591CC7185CD38BAA0 /* Pods.release.xcconfig */,
			);
			name = Pods;
			sourceTree = "<group>";
		};
		9F2F7ADF1CA0CB970072FADE = {
			isa = PBXGroup;
			children = (
				9F2F7AEA1CA0CB970072FADE /* DependencyInjection-iOS */,
				9F2F7B041CA0CB980072FADE /* DependencyInjection-iOSTests */,
				9F2F7AE91CA0CB970072FADE /* Products */,
				6F2B7A931FE2AFECFFEA65D2 /* Pods */,
				625F45E99677B793AA19C522 /* Frameworks */,
			);
			sourceTree = "<group>";
		};
		9F2F7AE91CA0CB970072FADE /* Products */ = {
			isa = PBXGroup;
			children = (
				9F2F7AE81CA0CB970072FADE /* DependencyInjection-iOS.app */,
				9F2F7B011CA0CB980072FADE /* DependencyInjection-iOSTests.xctest */,
			);
			name = Products;
			sourceTree = "<group>";
		};
		9F2F7AEA1CA0CB970072FADE /* DependencyInjection-iOS */ = {
			isa = PBXGroup;
			children = (
				9F2F7B3A1CA10FB70072FADE /* Protocols */,
				9F2F7B331CA10F360072FADE /* Configuration */,
				9F2F7B141CA0CDA30072FADE /* Views */,
				9F2F7B181CA0CDCF0072FADE /* Controllers */,
				9F2F7B101CA0CD810072FADE /* Services */,
				9F2F7B531CA1B9AC0072FADE /* MockServices */,
				9F2F7AEE1CA0CB970072FADE /* AppDelegate.h */,
				9F2F7AEF1CA0CB970072FADE /* AppDelegate.m */,
				9F2F7AF71CA0CB970072FADE /* Assets.xcassets */,
				9F2F7AF91CA0CB970072FADE /* LaunchScreen.storyboard */,
				9F2F7AFC1CA0CB970072FADE /* Info.plist */,
				9F2F7AEB1CA0CB970072FADE /* Supporting Files */,
			);
			path = "DependencyInjection-iOS";
			sourceTree = "<group>";
		};
		9F2F7AEB1CA0CB970072FADE /* Supporting Files */ = {
			isa = PBXGroup;
			children = (
				9F2F7AEC1CA0CB970072FADE /* main.m */,
			);
			name = "Supporting Files";
			sourceTree = "<group>";
		};
		9F2F7B041CA0CB980072FADE /* DependencyInjection-iOSTests */ = {
			isa = PBXGroup;
			children = (
				9F2F7B051CA0CB980072FADE /* DependencyInjection_iOSTests.m */,
				9F2F7B071CA0CB980072FADE /* Info.plist */,
			);
			path = "DependencyInjection-iOSTests";
			sourceTree = "<group>";
		};
		9F2F7B101CA0CD810072FADE /* Services */ = {
			isa = PBXGroup;
			children = (
				9F2F7B411CA130080072FADE /* NetworkInformationService.h */,
				9F2F7B421CA130080072FADE /* NetworkInformationService.m */,
				9F2F7B4C1CA1B5750072FADE /* LoginService.h */,
				9F2F7B4D1CA1B5750072FADE /* LoginService.m */,
			);
			name = Services;
			sourceTree = "<group>";
		};
		9F2F7B141CA0CDA30072FADE /* Views */ = {
			isa = PBXGroup;
			children = (
				9F2F7B1B1CA0CDFB0072FADE /* FirstView.xib */,
			);
			name = Views;
			sourceTree = "<group>";
		};
		9F2F7B181CA0CDCF0072FADE /* Controllers */ = {
			isa = PBXGroup;
			children = (
				9F2F7B191CA0CDFB0072FADE /* FirstViewController.h */,
				9F2F7B1A1CA0CDFB0072FADE /* FirstViewController.m */,
			);
			name = Controllers;
			sourceTree = "<group>";
		};
		9F2F7B331CA10F360072FADE /* Configuration */ = {
			isa = PBXGroup;
			children = (
				9F2F7B341CA10F460072FADE /* AppConfiguration.h */,
				9F2F7B351CA10F460072FADE /* AppConfiguration.m */,
			);
			name = Configuration;
			sourceTree = "<group>";
		};
		9F2F7B3A1CA10FB70072FADE /* Protocols */ = {
			isa = PBXGroup;
			children = (
				9F2F7B401CA12FA10072FADE /* NetworkInformation.h */,
				9F2F7B4B1CA1B54B0072FADE /* Login.h */,
			);
			name = Protocols;
			sourceTree = "<group>";
		};
		9F2F7B531CA1B9AC0072FADE /* MockServices */ = {
			isa = PBXGroup;
			children = (
				9F2F7B541CA1B9D80072FADE /* MockNetworkInformtionService.h */,
				9F2F7B551CA1B9D80072FADE /* MockNetworkInformtionService.m */,
			);
			name = MockServices;
			sourceTree = "<group>";
		};
/* End PBXGroup section */

/* Begin PBXNativeTarget section */
		9F2F7AE71CA0CB970072FADE /* DependencyInjection-iOS */ = {
			isa = PBXNativeTarget;
			buildConfigurationList = 9F2F7B0A1CA0CB980072FADE /* Build configuration list for PBXNativeTarget "DependencyInjection-iOS" */;
			buildPhases = (
				0BFB975B51B3DC32DEBCF842 /* Check Pods Manifest.lock */,
				9F2F7AE41CA0CB970072FADE /* Sources */,
				9F2F7AE51CA0CB970072FADE /* Frameworks */,
				9F2F7AE61CA0CB970072FADE /* Resources */,
				37D66822D73A392E7821A4FF /* Embed Pods Frameworks */,
				D8BBE652B6853985D85D234F /* Copy Pods Resources */,
			);
			buildRules = (
			);
			dependencies = (
			);
			name = "DependencyInjection-iOS";
			productName = "DependencyInjection-iOS";
			productReference = 9F2F7AE81CA0CB970072FADE /* DependencyInjection-iOS.app */;
			productType = "com.apple.product-type.application";
		};
		9F2F7B001CA0CB980072FADE /* DependencyInjection-iOSTests */ = {
			isa = PBXNativeTarget;
			buildConfigurationList = 9F2F7B0D1CA0CB980072FADE /* Build configuration list for PBXNativeTarget "DependencyInjection-iOSTests" */;
			buildPhases = (
				9F2F7AFD1CA0CB980072FADE /* Sources */,
				9F2F7AFE1CA0CB980072FADE /* Frameworks */,
				9F2F7AFF1CA0CB980072FADE /* Resources */,
			);
			buildRules = (
			);
			dependencies = (
				9F2F7B031CA0CB980072FADE /* PBXTargetDependency */,
			);
			name = "DependencyInjection-iOSTests";
			productName = "DependencyInjection-iOSTests";
			productReference = 9F2F7B011CA0CB980072FADE /* DependencyInjection-iOSTests.xctest */;
			productType = "com.apple.product-type.bundle.unit-test";
		};
/* End PBXNativeTarget section */

/* Begin PBXProject section */
		9F2F7AE01CA0CB970072FADE /* Project object */ = {
			isa = PBXProject;
			attributes = {
				LastUpgradeCheck = 0720;
				ORGANIZATIONNAME = vinayganesh;
				TargetAttributes = {
					9F2F7AE71CA0CB970072FADE = {
						CreatedOnToolsVersion = 7.2.1;
					};
					9F2F7B001CA0CB980072FADE = {
						CreatedOnToolsVersion = 7.2.1;
						TestTargetID = 9F2F7AE71CA0CB970072FADE;
					};
				};
			};
			buildConfigurationList = 9F2F7AE31CA0CB970072FADE /* Build configuration list for PBXProject "DependencyInjection-iOS" */;
			compatibilityVersion = "Xcode 3.2";
			developmentRegion = English;
			hasScannedForEncodings = 0;
			knownRegions = (
				en,
				Base,
			);
			mainGroup = 9F2F7ADF1CA0CB970072FADE;
			productRefGroup = 9F2F7AE91CA0CB970072FADE /* Products */;
			projectDirPath = "";
			projectRoot = "";
			targets = (
				9F2F7AE71CA0CB970072FADE /* DependencyInjection-iOS */,
				9F2F7B001CA0CB980072FADE /* DependencyInjection-iOSTests */,
			);
		};
/* End PBXProject section */

/* Begin PBXResourcesBuildPhase section */
		9F2F7AE61CA0CB970072FADE /* Resources */ = {
			isa = PBXResourcesBuildPhase;
			buildActionMask = 2147483647;
			files = (
				9F2F7AFB1CA0CB970072FADE /* LaunchScreen.storyboard in Resources */,
				9F2F7B1D1CA0CDFB0072FADE /* FirstView.xib in Resources */,
				9F2F7AF81CA0CB970072FADE /* Assets.xcassets in Resources */,
			);
			runOnlyForDeploymentPostprocessing = 0;
		};
		9F2F7AFF1CA0CB980072FADE /* Resources */ = {
			isa = PBXResourcesBuildPhase;
			buildActionMask = 2147483647;
			files = (
			);
			runOnlyForDeploymentPostprocessing = 0;
		};
/* End PBXResourcesBuildPhase section */

/* Begin PBXShellScriptBuildPhase section */
		0BFB975B51B3DC32DEBCF842 /* Check Pods Manifest.lock */ = {
			isa = PBXShellScriptBuildPhase;
			buildActionMask = 2147483647;
			files = (
			);
			inputPaths = (
			);
			name = "Check Pods Manifest.lock";
			outputPaths = (
			);
			runOnlyForDeploymentPostprocessing = 0;
			shellPath = /bin/sh;
			shellScript = "diff \"${PODS_ROOT}/../Podfile.lock\" \"${PODS_ROOT}/Manifest.lock\" > /dev/null\nif [[ $? != 0 ]] ; then\n    cat << EOM\nerror: The sandbox is not in sync with the Podfile.lock. Run 'pod install' or update your CocoaPods installation.\nEOM\n    exit 1\nfi\n";
			showEnvVarsInLog = 0;
		};
		37D66822D73A392E7821A4FF /* Embed Pods Frameworks */ = {
			isa = PBXShellScriptBuildPhase;
			buildActionMask = 2147483647;
			files = (
			);
			inputPaths = (
			);
			name = "Embed Pods Frameworks";
			outputPaths = (
			);
			runOnlyForDeploymentPostprocessing = 0;
			shellPath = /bin/sh;
			shellScript = "\"${SRCROOT}/Pods/Target Support Files/Pods/Pods-frameworks.sh\"\n";
			showEnvVarsInLog = 0;
		};
		D8BBE652B6853985D85D234F /* Copy Pods Resources */ = {
			isa = PBXShellScriptBuildPhase;
			buildActionMask = 2147483647;
			files = (
			);
			inputPaths = (
			);
			name = "Copy Pods Resources";
			outputPaths = (
			);
			runOnlyForDeploymentPostprocessing = 0;
			shellPath = /bin/sh;
			shellScript = "\"${SRCROOT}/Pods/Target Support Files/Pods/Pods-resources.sh\"\n";
			showEnvVarsInLog = 0;
		};
/* End PBXShellScriptBuildPhase section */

/* Begin PBXSourcesBuildPhase section */
		9F2F7AE41CA0CB970072FADE /* Sources */ = {
			isa = PBXSourcesBuildPhase;
			buildActionMask = 2147483647;
			files = (
				9F2F7AF01CA0CB970072FADE /* AppDelegate.m in Sources */,
				9F2F7B4E1CA1B5750072FADE /* LoginService.m in Sources */,
				9F2F7AED1CA0CB970072FADE /* main.m in Sources */,
				9F2F7B561CA1B9D80072FADE /* MockNetworkInformtionService.m in Sources */,
				9F2F7B361CA10F460072FADE /* AppConfiguration.m in Sources */,
				9F2F7B1C1CA0CDFB0072FADE /* FirstViewController.m in Sources */,
				9F2F7B431CA130080072FADE /* NetworkInformationService.m in Sources */,
			);
			runOnlyForDeploymentPostprocessing = 0;
		};
		9F2F7AFD1CA0CB980072FADE /* Sources */ = {
			isa = PBXSourcesBuildPhase;
			buildActionMask = 2147483647;
			files = (
				9F2F7B061CA0CB980072FADE /* DependencyInjection_iOSTests.m in Sources */,
			);
			runOnlyForDeploymentPostprocessing = 0;
		};
/* End PBXSourcesBuildPhase section */

/* Begin PBXTargetDependency section */
		9F2F7B031CA0CB980072FADE /* PBXTargetDependency */ = {
			isa = PBXTargetDependency;
			target = 9F2F7AE71CA0CB970072FADE /* DependencyInjection-iOS */;
			targetProxy = 9F2F7B021CA0CB980072FADE /* PBXContainerItemProxy */;
		};
/* End PBXTargetDependency section */

/* Begin PBXVariantGroup section */
		9F2F7AF91CA0CB970072FADE /* LaunchScreen.storyboard */ = {
			isa = PBXVariantGroup;
			children = (
				9F2F7AFA1CA0CB970072FADE /* Base */,
			);
			name = LaunchScreen.storyboard;
			sourceTree = "<group>";
		};
/* End PBXVariantGroup section */

/* Begin XCBuildConfiguration section */
		9F2F7B081CA0CB980072FADE /* Debug */ = {
			isa = XCBuildConfiguration;
			buildSettings = {
				ALWAYS_SEARCH_USER_PATHS = NO;
				CLANG_CXX_LANGUAGE_STANDARD = "gnu++0x";
				CLANG_CXX_LIBRARY = "libc++";
				CLANG_ENABLE_MODULES = YES;
				CLANG_ENABLE_OBJC_ARC = YES;
				CLANG_WARN_BOOL_CONVERSION = YES;
				CLANG_WARN_CONSTANT_CONVERSION = YES;
				CLANG_WARN_DIRECT_OBJC_ISA_USAGE = YES_ERROR;
				CLANG_WARN_EMPTY_BODY = YES;
				CLANG_WARN_ENUM_CONVERSION = YES;
				CLANG_WARN_INT_CONVERSION = YES;
				CLANG_WARN_OBJC_ROOT_CLASS = YES_ERROR;
				CLANG_WARN_UNREACHABLE_CODE = YES;
				CLANG_WARN__DUPLICATE_METHOD_MATCH = YES;
				"CODE_SIGN_IDENTITY[sdk=iphoneos*]" = "iPhone Developer";
				COPY_PHASE_STRIP = NO;
				DEBUG_INFORMATION_FORMAT = dwarf;
				ENABLE_STRICT_OBJC_MSGSEND = YES;
				ENABLE_TESTABILITY = YES;
				GCC_C_LANGUAGE_STANDARD = gnu99;
				GCC_DYNAMIC_NO_PIC = NO;
				GCC_NO_COMMON_BLOCKS = YES;
				GCC_OPTIMIZATION_LEVEL = 0;
				GCC_PREPROCESSOR_DEFINITIONS = (
					"DEBUG=1",
					"$(inherited)",
				);
				GCC_WARN_64_TO_32_BIT_CONVERSION = YES;
				GCC_WARN_ABOUT_RETURN_TYPE = YES_ERROR;
				GCC_WARN_UNDECLARED_SELECTOR = YES;
				GCC_WARN_UNINITIALIZED_AUTOS = YES_AGGRESSIVE;
				GCC_WARN_UNUSED_FUNCTION = YES;
				GCC_WARN_UNUSED_VARIABLE = YES;
				IPHONEOS_DEPLOYMENT_TARGET = 9.2;
				MTL_ENABLE_DEBUG_INFO = YES;
				ONLY_ACTIVE_ARCH = YES;
				SDKROOT = iphoneos;
				TARGETED_DEVICE_FAMILY = "1,2";
			};
			name = Debug;
		};
		9F2F7B091CA0CB980072FADE /* Release */ = {
			isa = XCBuildConfiguration;
			buildSettings = {
				ALWAYS_SEARCH_USER_PATHS = NO;
				CLANG_CXX_LANGUAGE_STANDARD = "gnu++0x";
				CLANG_CXX_LIBRARY = "libc++";
				CLANG_ENABLE_MODULES = YES;
				CLANG_ENABLE_OBJC_ARC = YES;
				CLANG_WARN_BOOL_CONVERSION = YES;
				CLANG_WARN_CONSTANT_CONVERSION = YES;
				CLANG_WARN_DIRECT_OBJC_ISA_USAGE = YES_ERROR;
				CLANG_WARN_EMPTY_BODY = YES;
				CLANG_WARN_ENUM_CONVERSION = YES;
				CLANG_WARN_INT_CONVERSION = YES;
				CLANG_WARN_OBJC_ROOT_CLASS = YES_ERROR;
				CLANG_WARN_UNREACHABLE_CODE = YES;
				CLANG_WARN__DUPLICATE_METHOD_MATCH = YES;
				"CODE_SIGN_IDENTITY[sdk=iphoneos*]" = "iPhone Developer";
				COPY_PHASE_STRIP = NO;
				DEBUG_INFORMATION_FORMAT = "dwarf-with-dsym";
				ENABLE_NS_ASSERTIONS = NO;
				ENABLE_STRICT_OBJC_MSGSEND = YES;
				GCC_C_LANGUAGE_STANDARD = gnu99;
				GCC_NO_COMMON_BLOCKS = YES;
				GCC_WARN_64_TO_32_BIT_CONVERSION = YES;
				GCC_WARN_ABOUT_RETURN_TYPE = YES_ERROR;
				GCC_WARN_UNDECLARED_SELECTOR = YES;
				GCC_WARN_UNINITIALIZED_AUTOS = YES_AGGRESSIVE;
				GCC_WARN_UNUSED_FUNCTION = YES;
				GCC_WARN_UNUSED_VARIABLE = YES;
				IPHONEOS_DEPLOYMENT_TARGET = 9.2;
				MTL_ENABLE_DEBUG_INFO = NO;
				SDKROOT = iphoneos;
				TARGETED_DEVICE_FAMILY = "1,2";
				VALIDATE_PRODUCT = YES;
			};
			name = Release;
		};
		9F2F7B0B1CA0CB980072FADE /* Debug */ = {
			isa = XCBuildConfiguration;
			baseConfigurationReference = EF432DFF36BD15B43680FD89 /* Pods.debug.xcconfig */;
			buildSettings = {
				ASSETCATALOG_COMPILER_APPICON_NAME = AppIcon;
				INFOPLIST_FILE = "DependencyInjection-iOS/Info.plist";
				LD_RUNPATH_SEARCH_PATHS = "$(inherited) @executable_path/Frameworks";
				PRODUCT_BUNDLE_IDENTIFIER = "com.stevejobs.DependencyInjection-iOS";
				PRODUCT_NAME = "$(TARGET_NAME)";
			};
			name = Debug;
		};
		9F2F7B0C1CA0CB980072FADE /* Release */ = {
			isa = XCBuildConfiguration;
			baseConfigurationReference = 9EFEA70591CC7185CD38BAA0 /* Pods.release.xcconfig */;
			buildSettings = {
				ASSETCATALOG_COMPILER_APPICON_NAME = AppIcon;
				INFOPLIST_FILE = "DependencyInjection-iOS/Info.plist";
				LD_RUNPATH_SEARCH_PATHS = "$(inherited) @executable_path/Frameworks";
				PRODUCT_BUNDLE_IDENTIFIER = "com.stevejobs.DependencyInjection-iOS";
				PRODUCT_NAME = "$(TARGET_NAME)";
			};
			name = Release;
		};
		9F2F7B0E1CA0CB980072FADE /* Debug */ = {
			isa = XCBuildConfiguration;
			buildSettings = {
				BUNDLE_LOADER = "$(TEST_HOST)";
				INFOPLIST_FILE = "DependencyInjection-iOSTests/Info.plist";
				LD_RUNPATH_SEARCH_PATHS = "$(inherited) @executable_path/Frameworks @loader_path/Frameworks";
				PRODUCT_BUNDLE_IDENTIFIER = "com.stevejobs.DependencyInjection-iOSTests";
				PRODUCT_NAME = "$(TARGET_NAME)";
				TEST_HOST = "$(BUILT_PRODUCTS_DIR)/DependencyInjection-iOS.app/DependencyInjection-iOS";
			};
			name = Debug;
		};
		9F2F7B0F1CA0CB980072FADE /* Release */ = {
			isa = XCBuildConfiguration;
			buildSettings = {
				BUNDLE_LOADER = "$(TEST_HOST)";
				INFOPLIST_FILE = "DependencyInjection-iOSTests/Info.plist";
				LD_RUNPATH_SEARCH_PATHS = "$(inherited) @executable_path/Frameworks @loader_path/Frameworks";
				PRODUCT_BUNDLE_IDENTIFIER = "com.stevejobs.DependencyInjection-iOSTests";
				PRODUCT_NAME = "$(TARGET_NAME)";
				TEST_HOST = "$(BUILT_PRODUCTS_DIR)/DependencyInjection-iOS.app/DependencyInjection-iOS";
			};
			name = Release;
		};
/* End XCBuildConfiguration section */

/* Begin XCConfigurationList section */
		9F2F7AE31CA0CB970072FADE /* Build configuration list for PBXProject "DependencyInjection-iOS" */ = {
			isa = XCConfigurationList;
			buildConfigurations = (
				9F2F7B081CA0CB980072FADE /* Debug */,
				9F2F7B091CA0CB980072FADE /* Release */,
			);
			defaultConfigurationIsVisible = 0;
			defaultConfigurationName = Release;
		};
		9F2F7B0A1CA0CB980072FADE /* Build configuration list for PBXNativeTarget "DependencyInjection-iOS" */ = {
			isa = XCConfigurationList;
			buildConfigurations = (
				9F2F7B0B1CA0CB980072FADE /* Debug */,
				9F2F7B0C1CA0CB980072FADE /* Release */,
			);
			defaultConfigurationIsVisible = 0;
			defaultConfigurationName = Release;
		};
		9F2F7B0D1CA0CB980072FADE /* Build configuration list for PBXNativeTarget "DependencyInjection-iOSTests" */ = {
			isa = XCConfigurationList;
			buildConfigurations = (
				9F2F7B0E1CA0CB980072FADE /* Debug */,
				9F2F7B0F1CA0CB980072FADE /* Release */,
			);
			defaultConfigurationIsVisible = 0;
			defaultConfigurationName = Release;
		};
/* End XCConfigurationList section */
	};
	rootObject = 9F2F7AE01CA0CB970072FADE /* Project object */;
}
